
Microsoft Visual Studio Solution File, Format Version 12.00
# Visual Studio 14
VisualStudioVersion = 14.0.25420.1
MinimumVisualStudioVersion = 10.0.40219.1
Project("{FAE04EC0-301F-11D3-BF4B-00C04F79EFBC}") = "EX6", "EX6\EX6.csproj", "{FD2D9810-B6B1-4FF1-8C60-AE7FEA95BB8D}"
EndProject
Global
	GlobalSection(SolutionConfigurationPlatforms) = preSolution
		Debug|Any CPU = Debug|Any CPU
		Release|Any CPU = Release|Any CPU
	EndGlobalSection
	GlobalSection(ProjectConfigurationPlatforms) = postSolution
		{FD2D9810-B6B1-4FF1-8C60-AE7FEA95BB8D}.Debug|Any CPU.ActiveCfg = Debug|Any CPU
		{FD2D9810-B6B1-4FF1-8C60-AE7FEA95BB8D}.Debug|Any CPU.Build.0 = Debug|Any CPU
		{FD2D9810-B6B1-4FF1-8C60-AE7FEA95BB8D}.Release|Any CPU.ActiveCfg = Release|Any CPU
		{FD2D9810-B6B1-4FF1-8C60-AE7FEA95BB8D}.Release|Any CPU.Build.0 = Release|Any CPU
	EndGlobalSection
	GlobalSection(SolutionProperties) = preSolution
		HideSolutionNode = FALSE
	EndGlobalSection
EndGlobal
